{
  "name": "tomomisaweddingapp",
  "version": "1.0.0",
  "lockfileVersion": 1,
  "requires": true,
  "dependencies": {
    "blueimp-canvas-to-blob": {
      "version": "3.5.0",
      "resolved": "https://registry.npmjs.org/blueimp-canvas-to-blob/-/blueimp-canvas-to-blob-3.5.0.tgz",
      "integrity": "sha1-VnmsMvaig1gh8MOtZhcZ/4WpI2s=",
      "optional": true
    },
    "blueimp-file-upload": {
      "version": "9.19.1",
      "resolved": "https://registry.npmjs.org/blueimp-file-upload/-/blueimp-file-upload-9.19.1.tgz",
      "integrity": "sha512-y4jA9LNjfS8vU+vf0ysosxmEQG+7xlSi6l0tWs2HSmIavsnJFp51bzajNzO6H7WFtyciKbBuolgXmQmdT3IUBQ==",
      "requires": {
        "blueimp-canvas-to-blob": "3.5.0",
        "blueimp-load-image": "2.12.2",
        "blueimp-tmpl": "3.6.0"
      }
    },
    "blueimp-load-image": {
      "version": "2.12.2",
      "resolved": "https://registry.npmjs.org/blueimp-load-image/-/blueimp-load-image-2.12.2.tgz",
      "integrity": "sha1-ahdZiquFjU+/AVQ+BjEUG1EFfIc=",
      "optional": true
    },
    "blueimp-tmpl": {
      "version": "3.6.0",
      "resolved": "https://registry.npmjs.org/blueimp-tmpl/-/blueimp-tmpl-3.6.0.tgz",
      "integrity": "sha1-pJEJddBC4rwDunfw5i0E8VSKUkw=",
      "optional": true
    },
    "cloudinary-jquery-file-upload": {
      "version": "2.3.0",
      "resolved": "https://registry.npmjs.org/cloudinary-jquery-file-upload/-/cloudinary-jquery-file-upload-2.3.0.tgz",
      "integrity": "sha1-CPUAerfRJ2kw49hjh5OsU0ZK4xk="
    },
    "jquery": {
      "version": "3.2.1",
      "resolved": "https://registry.npmjs.org/jquery/-/jquery-3.2.1.tgz",
      "integrity": "sha1-XE2d5lKvbNCncBVKYxu6ErAVx4c="
    }
  }
}
